
Microsoft Visual Studio Solution File, Format Version 12.00
# Visual Studio 15
VisualStudioVersion = 15.0.28307.271
MinimumVisualStudioVersion = 10.0.40219.1
Project("{9A19103F-16F7-4668-BE54-9A1E7A4F7556}") = "OSS.Orm.DapperMysql", "OSS.Orm.DapperMysql\OSS.Orm.DapperMysql.csproj", "{541786A0-97AD-4C64-80BF-1B835DE1B48A}"
EndProject
Project("{9A19103F-16F7-4668-BE54-9A1E7A4F7556}") = "OSS.Orm.DapperPgsql", "OSS.Orm.DapperPgsql\OSS.Orm.DapperPgsql.csproj", "{A55ECB66-0BBF-4FCC-9D74-17CE00DAE7BC}"
EndProject
Project("{9A19103F-16F7-4668-BE54-9A1E7A4F7556}") = "OSS.Orm.DapperTests", "OSS.Orm.DapperTests\OSS.Orm.DapperTests.csproj", "{742579D6-9A00-4FB9-9FD5-194BB3E85395}"
EndProject
Global
	GlobalSection(SolutionConfigurationPlatforms) = preSolution
		Debug|Any CPU = Debug|Any CPU
		Release|Any CPU = Release|Any CPU
	EndGlobalSection
	GlobalSection(ProjectConfigurationPlatforms) = postSolution
		{541786A0-97AD-4C64-80BF-1B835DE1B48A}.Debug|Any CPU.ActiveCfg = Release|Any CPU
		{541786A0-97AD-4C64-80BF-1B835DE1B48A}.Debug|Any CPU.Build.0 = Release|Any CPU
		{541786A0-97AD-4C64-80BF-1B835DE1B48A}.Release|Any CPU.ActiveCfg = Release|Any CPU
		{541786A0-97AD-4C64-80BF-1B835DE1B48A}.Release|Any CPU.Build.0 = Release|Any CPU
		{A55ECB66-0BBF-4FCC-9D74-17CE00DAE7BC}.Debug|Any CPU.ActiveCfg = Release|Any CPU
		{A55ECB66-0BBF-4FCC-9D74-17CE00DAE7BC}.Debug|Any CPU.Build.0 = Release|Any CPU
		{A55ECB66-0BBF-4FCC-9D74-17CE00DAE7BC}.Release|Any CPU.ActiveCfg = Release|Any CPU
		{A55ECB66-0BBF-4FCC-9D74-17CE00DAE7BC}.Release|Any CPU.Build.0 = Release|Any CPU
		{742579D6-9A00-4FB9-9FD5-194BB3E85395}.Debug|Any CPU.ActiveCfg = Debug|Any CPU
		{742579D6-9A00-4FB9-9FD5-194BB3E85395}.Debug|Any CPU.Build.0 = Debug|Any CPU
		{742579D6-9A00-4FB9-9FD5-194BB3E85395}.Release|Any CPU.ActiveCfg = Release|Any CPU
		{742579D6-9A00-4FB9-9FD5-194BB3E85395}.Release|Any CPU.Build.0 = Release|Any CPU
	EndGlobalSection
	GlobalSection(SolutionProperties) = preSolution
		HideSolutionNode = FALSE
	EndGlobalSection
	GlobalSection(ExtensibilityGlobals) = postSolution
		SolutionGuid = {3DDD9D4B-07C1-4244-A5D2-9FD55AA62E25}
	EndGlobalSection
EndGlobal
